// !$*UTF8*$!
{
	archiveVersion = 1;
	classes = {
	};
	objectVersion = 50;
	objects = {

/* Begin PBXBuildFile section */
		5B38540D24A3720B00890374 /* ActiveCitiesListCell.swift in Sources */ = {isa = PBXBuildFile; fileRef = 5B38540C24A3720B00890374 /* ActiveCitiesListCell.swift */; };
		5BF55DB924A2955A00EB3FAC /* AppDelegate.swift in Sources */ = {isa = PBXBuildFile; fileRef = 5BF55DB824A2955A00EB3FAC /* AppDelegate.swift */; };
		5BF55DBB24A2955A00EB3FAC /* SceneDelegate.swift in Sources */ = {isa = PBXBuildFile; fileRef = 5BF55DBA24A2955A00EB3FAC /* SceneDelegate.swift */; };
		5BF55DC024A2955A00EB3FAC /* Main.storyboard in Resources */ = {isa = PBXBuildFile; fileRef = 5BF55DBE24A2955A00EB3FAC /* Main.storyboard */; };
		5BF55DC224A2956200EB3FAC /* Assets.xcassets in Resources */ = {isa = PBXBuildFile; fileRef = 5BF55DC124A2956200EB3FAC /* Assets.xcassets */; };
		5BF55DC524A2956200EB3FAC /* LaunchScreen.storyboard in Resources */ = {isa = PBXBuildFile; fileRef = 5BF55DC324A2956200EB3FAC /* LaunchScreen.storyboard */; };
		5BF55DCD24A29CA400EB3FAC /* ActiveCitiesListTVC.swift in Sources */ = {isa = PBXBuildFile; fileRef = 5BF55DCC24A29CA400EB3FAC /* ActiveCitiesListTVC.swift */; };
		5BF55DCF24A29CBA00EB3FAC /* DetailWeatherTVC.swift in Sources */ = {isa = PBXBuildFile; fileRef = 5BF55DCE24A29CBA00EB3FAC /* DetailWeatherTVC.swift */; };
		5BF55DD124A323A200EB3FAC /* Model.swift in Sources */ = {isa = PBXBuildFile; fileRef = 5BF55DD024A323A200EB3FAC /* Model.swift */; };
		5BF55DD424A3284A00EB3FAC /* APIManager.swift in Sources */ = {isa = PBXBuildFile; fileRef = 5BF55DD324A3284A00EB3FAC /* APIManager.swift */; };
		5BF55DD624A3286F00EB3FAC /* ErrorManager.swift in Sources */ = {isa = PBXBuildFile; fileRef = 5BF55DD524A3286F00EB3FAC /* ErrorManager.swift */; };
		5BF55DD824A329B600EB3FAC /* APIWeatherManager.swift in Sources */ = {isa = PBXBuildFile; fileRef = 5BF55DD724A329B600EB3FAC /* APIWeatherManager.swift */; };
		5BF55DDA24A32ADD00EB3FAC /* SearchWeather.swift in Sources */ = {isa = PBXBuildFile; fileRef = 5BF55DD924A32ADC00EB3FAC /* SearchWeather.swift */; };
		5BF55DDC24A32BF300EB3FAC /* ForecastWeather.swift in Sources */ = {isa = PBXBuildFile; fileRef = 5BF55DDB24A32BF300EB3FAC /* ForecastWeather.swift */; };
		5BF55DDE24A32D4100EB3FAC /* CompactWeather.swift in Sources */ = {isa = PBXBuildFile; fileRef = 5BF55DDD24A32D4100EB3FAC /* CompactWeather.swift */; };
/* End PBXBuildFile section */

/* Begin PBXFileReference section */
		5B38540C24A3720B00890374 /* ActiveCitiesListCell.swift */ = {isa = PBXFileReference; lastKnownFileType = sourcecode.swift; path = ActiveCitiesListCell.swift; sourceTree = "<group>"; };
		5BF55DB524A2955A00EB3FAC /* TestWorkWeatherApp.app */ = {isa = PBXFileReference; explicitFileType = wrapper.application; includeInIndex = 0; path = TestWorkWeatherApp.app; sourceTree = BUILT_PRODUCTS_DIR; };
		5BF55DB824A2955A00EB3FAC /* AppDelegate.swift */ = {isa = PBXFileReference; lastKnownFileType = sourcecode.swift; path = AppDelegate.swift; sourceTree = "<group>"; };
		5BF55DBA24A2955A00EB3FAC /* SceneDelegate.swift */ = {isa = PBXFileReference; lastKnownFileType = sourcecode.swift; path = SceneDelegate.swift; sourceTree = "<group>"; };
		5BF55DBF24A2955A00EB3FAC /* Base */ = {isa = PBXFileReference; lastKnownFileType = file.storyboard; name = Base; path = Base.lproj/Main.storyboard; sourceTree = "<group>"; };
		5BF55DC124A2956200EB3FAC /* Assets.xcassets */ = {isa = PBXFileReference; lastKnownFileType = folder.assetcatalog; path = Assets.xcassets; sourceTree = "<group>"; };
		5BF55DC424A2956200EB3FAC /* Base */ = {isa = PBXFileReference; lastKnownFileType = file.storyboard; name = Base; path = Base.lproj/LaunchScreen.storyboard; sourceTree = "<group>"; };
		5BF55DC624A2956200EB3FAC /* Info.plist */ = {isa = PBXFileReference; lastKnownFileType = text.plist.xml; path = Info.plist; sourceTree = "<group>"; };
		5BF55DCC24A29CA400EB3FAC /* ActiveCitiesListTVC.swift */ = {isa = PBXFileReference; lastKnownFileType = sourcecode.swift; path = ActiveCitiesListTVC.swift; sourceTree = "<group>"; };
		5BF55DCE24A29CBA00EB3FAC /* DetailWeatherTVC.swift */ = {isa = PBXFileReference; lastKnownFileType = sourcecode.swift; path = DetailWeatherTVC.swift; sourceTree = "<group>"; };
		5BF55DD024A323A200EB3FAC /* Model.swift */ = {isa = PBXFileReference; lastKnownFileType = sourcecode.swift; path = Model.swift; sourceTree = "<group>"; };
		5BF55DD324A3284A00EB3FAC /* APIManager.swift */ = {isa = PBXFileReference; lastKnownFileType = sourcecode.swift; path = APIManager.swift; sourceTree = "<group>"; };
		5BF55DD524A3286F00EB3FAC /* ErrorManager.swift */ = {isa = PBXFileReference; lastKnownFileType = sourcecode.swift; path = ErrorManager.swift; sourceTree = "<group>"; };
		5BF55DD724A329B600EB3FAC /* APIWeatherManager.swift */ = {isa = PBXFileReference; lastKnownFileType = sourcecode.swift; path = APIWeatherManager.swift; sourceTree = "<group>"; };
		5BF55DD924A32ADC00EB3FAC /* SearchWeather.swift */ = {isa = PBXFileReference; lastKnownFileType = sourcecode.swift; path = SearchWeather.swift; sourceTree = "<group>"; };
		5BF55DDB24A32BF300EB3FAC /* ForecastWeather.swift */ = {isa = PBXFileReference; lastKnownFileType = sourcecode.swift; path = ForecastWeather.swift; sourceTree = "<group>"; };
		5BF55DDD24A32D4100EB3FAC /* CompactWeather.swift */ = {isa = PBXFileReference; lastKnownFileType = sourcecode.swift; path = CompactWeather.swift; sourceTree = "<group>"; };
/* End PBXFileReference section */

/* Begin PBXFrameworksBuildPhase section */
		5BF55DB224A2955A00EB3FAC /* Frameworks */ = {
			isa = PBXFrameworksBuildPhase;
			buildActionMask = 2147483647;
			files = (
			);
			runOnlyForDeploymentPostprocessing = 0;
		};
/* End PBXFrameworksBuildPhase section */

/* Begin PBXGroup section */
		5B38540E24A37DAB00890374 /* JSON handlers */ = {
			isa = PBXGroup;
			children = (
				5BF55DD924A32ADC00EB3FAC /* SearchWeather.swift */,
				5BF55DDD24A32D4100EB3FAC /* CompactWeather.swift */,
				5BF55DDB24A32BF300EB3FAC /* ForecastWeather.swift */,
			);
			path = "JSON handlers";
			sourceTree = "<group>";
		};
		5BF55DAC24A2955A00EB3FAC = {
			isa = PBXGroup;
			children = (
				5BF55DB724A2955A00EB3FAC /* TestWorkWeatherApp */,
				5BF55DB624A2955A00EB3FAC /* Products */,
			);
			sourceTree = "<group>";
		};
		5BF55DB624A2955A00EB3FAC /* Products */ = {
			isa = PBXGroup;
			children = (
				5BF55DB524A2955A00EB3FAC /* TestWorkWeatherApp.app */,
			);
			name = Products;
			sourceTree = "<group>";
		};
		5BF55DB724A2955A00EB3FAC /* TestWorkWeatherApp */ = {
			isa = PBXGroup;
			children = (
				5BF55DB824A2955A00EB3FAC /* AppDelegate.swift */,
				5BF55DBA24A2955A00EB3FAC /* SceneDelegate.swift */,
				5BF55DCC24A29CA400EB3FAC /* ActiveCitiesListTVC.swift */,
				5B38540C24A3720B00890374 /* ActiveCitiesListCell.swift */,
				5BF55DCE24A29CBA00EB3FAC /* DetailWeatherTVC.swift */,
				5BF55DD224A3279900EB3FAC /* Managers */,
				5B38540E24A37DAB00890374 /* JSON handlers */,
				5BF55DD024A323A200EB3FAC /* Model.swift */,
				5BF55DBE24A2955A00EB3FAC /* Main.storyboard */,
				5BF55DC124A2956200EB3FAC /* Assets.xcassets */,
				5BF55DC324A2956200EB3FAC /* LaunchScreen.storyboard */,
				5BF55DC624A2956200EB3FAC /* Info.plist */,
			);
			path = TestWorkWeatherApp;
			sourceTree = "<group>";
		};
		5BF55DD224A3279900EB3FAC /* Managers */ = {
			isa = PBXGroup;
			children = (
				5BF55DD324A3284A00EB3FAC /* APIManager.swift */,
				5BF55DD724A329B600EB3FAC /* APIWeatherManager.swift */,
				5BF55DD524A3286F00EB3FAC /* ErrorManager.swift */,
			);
			path = Managers;
			sourceTree = "<group>";
		};
/* End PBXGroup section */

/* Begin PBXNativeTarget section */
		5BF55DB424A2955A00EB3FAC /* TestWorkWeatherApp */ = {
			isa = PBXNativeTarget;
			buildConfigurationList = 5BF55DC924A2956200EB3FAC /* Build configuration list for PBXNativeTarget "TestWorkWeatherApp" */;
			buildPhases = (
				5BF55DB124A2955A00EB3FAC /* Sources */,
				5BF55DB224A2955A00EB3FAC /* Frameworks */,
				5BF55DB324A2955A00EB3FAC /* Resources */,
			);
			buildRules = (
			);
			dependencies = (
			);
			name = TestWorkWeatherApp;
			productName = TestWorkWeatherApp;
			productReference = 5BF55DB524A2955A00EB3FAC /* TestWorkWeatherApp.app */;
			productType = "com.apple.product-type.application";
		};
/* End PBXNativeTarget section */

/* Begin PBXProject section */
		5BF55DAD24A2955A00EB3FAC /* Project object */ = {
			isa = PBXProject;
			attributes = {
				LastSwiftUpdateCheck = 1150;
				LastUpgradeCheck = 1150;
				ORGANIZATIONNAME = "Nikita Vesna";
				TargetAttributes = {
					5BF55DB424A2955A00EB3FAC = {
						CreatedOnToolsVersion = 11.5;
					};
				};
			};
			buildConfigurationList = 5BF55DB024A2955A00EB3FAC /* Build configuration list for PBXProject "TestWorkWeatherApp" */;
			compatibilityVersion = "Xcode 9.3";
			developmentRegion = en;
			hasScannedForEncodings = 0;
			knownRegions = (
				en,
				Base,
			);
			mainGroup = 5BF55DAC24A2955A00EB3FAC;
			productRefGroup = 5BF55DB624A2955A00EB3FAC /* Products */;
			projectDirPath = "";
			projectRoot = "";
			targets = (
				5BF55DB424A2955A00EB3FAC /* TestWorkWeatherApp */,
			);
		};
/* End PBXProject section */

/* Begin PBXResourcesBuildPhase section */
		5BF55DB324A2955A00EB3FAC /* Resources */ = {
			isa = PBXResourcesBuildPhase;
			buildActionMask = 2147483647;
			files = (
				5BF55DC524A2956200EB3FAC /* LaunchScreen.storyboard in Resources */,
				5BF55DC224A2956200EB3FAC /* Assets.xcassets in Resources */,
				5BF55DC024A2955A00EB3FAC /* Main.storyboard in Resources */,
			);
			runOnlyForDeploymentPostprocessing = 0;
		};
/* End PBXResourcesBuildPhase section */

/* Begin PBXSourcesBuildPhase section */
		5BF55DB124A2955A00EB3FAC /* Sources */ = {
			isa = PBXSourcesBuildPhase;
			buildActionMask = 2147483647;
			files = (
				5BF55DD424A3284A00EB3FAC /* APIManager.swift in Sources */,
				5BF55DD124A323A200EB3FAC /* Model.swift in Sources */,
				5BF55DD624A3286F00EB3FAC /* ErrorManager.swift in Sources */,
				5BF55DB924A2955A00EB3FAC /* AppDelegate.swift in Sources */,
				5BF55DDA24A32ADD00EB3FAC /* SearchWeather.swift in Sources */,
				5BF55DDC24A32BF300EB3FAC /* ForecastWeather.swift in Sources */,
				5BF55DCF24A29CBA00EB3FAC /* DetailWeatherTVC.swift in Sources */,
				5BF55DBB24A2955A00EB3FAC /* SceneDelegate.swift in Sources */,
				5BF55DCD24A29CA400EB3FAC /* ActiveCitiesListTVC.swift in Sources */,
				5BF55DDE24A32D4100EB3FAC /* CompactWeather.swift in Sources */,
				5B38540D24A3720B00890374 /* ActiveCitiesListCell.swift in Sources */,
				5BF55DD824A329B600EB3FAC /* APIWeatherManager.swift in Sources */,
			);
			runOnlyForDeploymentPostprocessing = 0;
		};
/* End PBXSourcesBuildPhase section */

/* Begin PBXVariantGroup section */
		5BF55DBE24A2955A00EB3FAC /* Main.storyboard */ = {
			isa = PBXVariantGroup;
			children = (
				5BF55DBF24A2955A00EB3FAC /* Base */,
			);
			name = Main.storyboard;
			sourceTree = "<group>";
		};
		5BF55DC324A2956200EB3FAC /* LaunchScreen.storyboard */ = {
			isa = PBXVariantGroup;
			children = (
				5BF55DC424A2956200EB3FAC /* Base */,
			);
			name = LaunchScreen.storyboard;
			sourceTree = "<group>";
		};
/* End PBXVariantGroup section */

/* Begin XCBuildConfiguration section */
		5BF55DC724A2956200EB3FAC /* Debug */ = {
			isa = XCBuildConfiguration;
			buildSettings = {
				ALWAYS_SEARCH_USER_PATHS = NO;
				CLANG_ANALYZER_NONNULL = YES;
				CLANG_ANALYZER_NUMBER_OBJECT_CONVERSION = YES_AGGRESSIVE;
				CLANG_CXX_LANGUAGE_STANDARD = "gnu++14";
				CLANG_CXX_LIBRARY = "libc++";
				CLANG_ENABLE_MODULES = YES;
				CLANG_ENABLE_OBJC_ARC = YES;
				CLANG_ENABLE_OBJC_WEAK = YES;
				CLANG_WARN_BLOCK_CAPTURE_AUTORELEASING = YES;
				CLANG_WARN_BOOL_CONVERSION = YES;
				CLANG_WARN_COMMA = YES;
				CLANG_WARN_CONSTANT_CONVERSION = YES;
				CLANG_WARN_DEPRECATED_OBJC_IMPLEMENTATIONS = YES;
				CLANG_WARN_DIRECT_OBJC_ISA_USAGE = YES_ERROR;
				CLANG_WARN_DOCUMENTATION_COMMENTS = YES;
				CLANG_WARN_EMPTY_BODY = YES;
				CLANG_WARN_ENUM_CONVERSION = YES;
				CLANG_WARN_INFINITE_RECURSION = YES;
				CLANG_WARN_INT_CONVERSION = YES;
				CLANG_WARN_NON_LITERAL_NULL_CONVERSION = YES;
				CLANG_WARN_OBJC_IMPLICIT_RETAIN_SELF = YES;
				CLANG_WARN_OBJC_LITERAL_CONVERSION = YES;
				CLANG_WARN_OBJC_ROOT_CLASS = YES_ERROR;
				CLANG_WARN_RANGE_LOOP_ANALYSIS = YES;
				CLANG_WARN_STRICT_PROTOTYPES = YES;
				CLANG_WARN_SUSPICIOUS_MOVE = YES;
				CLANG_WARN_UNGUARDED_AVAILABILITY = YES_AGGRESSIVE;
				CLANG_WARN_UNREACHABLE_CODE = YES;
				CLANG_WARN__DUPLICATE_METHOD_MATCH = YES;
				COPY_PHASE_STRIP = NO;
				DEBUG_INFORMATION_FORMAT = dwarf;
				ENABLE_STRICT_OBJC_MSGSEND = YES;
				ENABLE_TESTABILITY = YES;
				GCC_C_LANGUAGE_STANDARD = gnu11;
				GCC_DYNAMIC_NO_PIC = NO;
				GCC_NO_COMMON_BLOCKS = YES;
				GCC_OPTIMIZATION_LEVEL = 0;
				GCC_PREPROCESSOR_DEFINITIONS = (
					"DEBUG=1",
					"$(inherited)",
				);
				GCC_WARN_64_TO_32_BIT_CONVERSION = YES;
				GCC_WARN_ABOUT_RETURN_TYPE = YES_ERROR;
				GCC_WARN_UNDECLARED_SELECTOR = YES;
				GCC_WARN_UNINITIALIZED_AUTOS = YES_AGGRESSIVE;
				GCC_WARN_UNUSED_FUNCTION = YES;
				GCC_WARN_UNUSED_VARIABLE = YES;
				IPHONEOS_DEPLOYMENT_TARGET = 13.5;
				MTL_ENABLE_DEBUG_INFO = INCLUDE_SOURCE;
				MTL_FAST_MATH = YES;
				ONLY_ACTIVE_ARCH = YES;
				SDKROOT = iphoneos;
				SWIFT_ACTIVE_COMPILATION_CONDITIONS = DEBUG;
				SWIFT_OPTIMIZATION_LEVEL = "-Onone";
			};
			name = Debug;
		};
		5BF55DC824A2956200EB3FAC /* Release */ = {
			isa = XCBuildConfiguration;
			buildSettings = {
				ALWAYS_SEARCH_USER_PATHS = NO;
				CLANG_ANALYZER_NONNULL = YES;
				CLANG_ANALYZER_NUMBER_OBJECT_CONVERSION = YES_AGGRESSIVE;
				CLANG_CXX_LANGUAGE_STANDARD = "gnu++14";
				CLANG_CXX_LIBRARY = "libc++";
				CLANG_ENABLE_MODULES = YES;
				CLANG_ENABLE_OBJC_ARC = YES;
				CLANG_ENABLE_OBJC_WEAK = YES;
				CLANG_WARN_BLOCK_CAPTURE_AUTORELEASING = YES;
				CLANG_WARN_BOOL_CONVERSION = YES;
				CLANG_WARN_COMMA = YES;
				CLANG_WARN_CONSTANT_CONVERSION = YES;
				CLANG_WARN_DEPRECATED_OBJC_IMPLEMENTATIONS = YES;
				CLANG_WARN_DIRECT_OBJC_ISA_USAGE = YES_ERROR;
				CLANG_WARN_DOCUMENTATION_COMMENTS = YES;
				CLANG_WARN_EMPTY_BODY = YES;
				CLANG_WARN_ENUM_CONVERSION = YES;
				CLANG_WARN_INFINITE_RECURSION = YES;
				CLANG_WARN_INT_CONVERSION = YES;
				CLANG_WARN_NON_LITERAL_NULL_CONVERSION = YES;
				CLANG_WARN_OBJC_IMPLICIT_RETAIN_SELF = YES;
				CLANG_WARN_OBJC_LITERAL_CONVERSION = YES;
				CLANG_WARN_OBJC_ROOT_CLASS = YES_ERROR;
				CLANG_WARN_RANGE_LOOP_ANALYSIS = YES;
				CLANG_WARN_STRICT_PROTOTYPES = YES;
				CLANG_WARN_SUSPICIOUS_MOVE = YES;
				CLANG_WARN_UNGUARDED_AVAILABILITY = YES_AGGRESSIVE;
				CLANG_WARN_UNREACHABLE_CODE = YES;
				CLANG_WARN__DUPLICATE_METHOD_MATCH = YES;
				COPY_PHASE_STRIP = NO;
				DEBUG_INFORMATION_FORMAT = "dwarf-with-dsym";
				ENABLE_NS_ASSERTIONS = NO;
				ENABLE_STRICT_OBJC_MSGSEND = YES;
				GCC_C_LANGUAGE_STANDARD = gnu11;
				GCC_NO_COMMON_BLOCKS = YES;
				GCC_WARN_64_TO_32_BIT_CONVERSION = YES;
				GCC_WARN_ABOUT_RETURN_TYPE = YES_ERROR;
				GCC_WARN_UNDECLARED_SELECTOR = YES;
				GCC_WARN_UNINITIALIZED_AUTOS = YES_AGGRESSIVE;
				GCC_WARN_UNUSED_FUNCTION = YES;
				GCC_WARN_UNUSED_VARIABLE = YES;
				IPHONEOS_DEPLOYMENT_TARGET = 13.5;
				MTL_ENABLE_DEBUG_INFO = NO;
				MTL_FAST_MATH = YES;
				SDKROOT = iphoneos;
				SWIFT_COMPILATION_MODE = wholemodule;
				SWIFT_OPTIMIZATION_LEVEL = "-O";
				VALIDATE_PRODUCT = YES;
			};
			name = Release;
		};
		5BF55DCA24A2956200EB3FAC /* Debug */ = {
			isa = XCBuildConfiguration;
			buildSettings = {
				ASSETCATALOG_COMPILER_APPICON_NAME = AppIcon;
				CODE_SIGN_STYLE = Automatic;
				DEVELOPMENT_TEAM = MU6JB4A554;
				INFOPLIST_FILE = TestWorkWeatherApp/Info.plist;
				LD_RUNPATH_SEARCH_PATHS = (
					"$(inherited)",
					"@executable_path/Frameworks",
				);
				PRODUCT_BUNDLE_IDENTIFIER = prod.vesna.TestWorkWeatherApp;
				PRODUCT_NAME = "$(TARGET_NAME)";
				SWIFT_VERSION = 5.0;
				TARGETED_DEVICE_FAMILY = "1,2";
			};
			name = Debug;
		};
		5BF55DCB24A2956200EB3FAC /* Release */ = {
			isa = XCBuildConfiguration;
			buildSettings = {
				ASSETCATALOG_COMPILER_APPICON_NAME = AppIcon;
				CODE_SIGN_STYLE = Automatic;
				DEVELOPMENT_TEAM = MU6JB4A554;
				INFOPLIST_FILE = TestWorkWeatherApp/Info.plist;
				LD_RUNPATH_SEARCH_PATHS = (
					"$(inherited)",
					"@executable_path/Frameworks",
				);
				PRODUCT_BUNDLE_IDENTIFIER = prod.vesna.TestWorkWeatherApp;
				PRODUCT_NAME = "$(TARGET_NAME)";
				SWIFT_VERSION = 5.0;
				TARGETED_DEVICE_FAMILY = "1,2";
			};
			name = Release;
		};
/* End XCBuildConfiguration section */

/* Begin XCConfigurationList section */
		5BF55DB024A2955A00EB3FAC /* Build configuration list for PBXProject "TestWorkWeatherApp" */ = {
			isa = XCConfigurationList;
			buildConfigurations = (
				5BF55DC724A2956200EB3FAC /* Debug */,
				5BF55DC824A2956200EB3FAC /* Release */,
			);
			defaultConfigurationIsVisible = 0;
			defaultConfigurationName = Release;
		};
		5BF55DC924A2956200EB3FAC /* Build configuration list for PBXNativeTarget "TestWorkWeatherApp" */ = {
			isa = XCConfigurationList;
			buildConfigurations = (
				5BF55DCA24A2956200EB3FAC /* Debug */,
				5BF55DCB24A2956200EB3FAC /* Release */,
			);
			defaultConfigurationIsVisible = 0;
			defaultConfigurationName = Release;
		};
/* End XCConfigurationList section */
	};
	rootObject = 5BF55DAD24A2955A00EB3FAC /* Project object */;
}
